
Microsoft Visual Studio Solution File, Format Version 12.00
# Visual Studio Version 16
VisualStudioVersion = 16.0.29519.87
MinimumVisualStudioVersion = 10.0.40219.1
Project("{9A19103F-16F7-4668-BE54-9A1E7A4F7556}") = "BusinessLogicLayer", "BusinessLogicLayer\BusinessLogicLayer.csproj", "{40C4199C-88BB-4181-BD80-6B48507F1760}"
EndProject
Project("{9A19103F-16F7-4668-BE54-9A1E7A4F7556}") = "DataAccessLayer", "DataAccessLayer\DataAccessLayer.csproj", "{FB64DA3A-33BC-49E0-ABE8-8D6CACEAD3A5}"
EndProject
Project("{FAE04EC0-301F-11D3-BF4B-00C04F79EFBC}") = "WinUI", "WinUI\WinUI.csproj", "{D13E3C60-02F3-4470-9569-FD106D8422F0}"
EndProject
Global
	GlobalSection(SolutionConfigurationPlatforms) = preSolution
		Debug|Any CPU = Debug|Any CPU
		Release|Any CPU = Release|Any CPU
	EndGlobalSection
	GlobalSection(ProjectConfigurationPlatforms) = postSolution
		{40C4199C-88BB-4181-BD80-6B48507F1760}.Debug|Any CPU.ActiveCfg = Debug|Any CPU
		{40C4199C-88BB-4181-BD80-6B48507F1760}.Debug|Any CPU.Build.0 = Debug|Any CPU
		{40C4199C-88BB-4181-BD80-6B48507F1760}.Release|Any CPU.ActiveCfg = Release|Any CPU
		{40C4199C-88BB-4181-BD80-6B48507F1760}.Release|Any CPU.Build.0 = Release|Any CPU
		{FB64DA3A-33BC-49E0-ABE8-8D6CACEAD3A5}.Debug|Any CPU.ActiveCfg = Debug|Any CPU
		{FB64DA3A-33BC-49E0-ABE8-8D6CACEAD3A5}.Debug|Any CPU.Build.0 = Debug|Any CPU
		{FB64DA3A-33BC-49E0-ABE8-8D6CACEAD3A5}.Release|Any CPU.ActiveCfg = Release|Any CPU
		{FB64DA3A-33BC-49E0-ABE8-8D6CACEAD3A5}.Release|Any CPU.Build.0 = Release|Any CPU
		{D13E3C60-02F3-4470-9569-FD106D8422F0}.Debug|Any CPU.ActiveCfg = Debug|Any CPU
		{D13E3C60-02F3-4470-9569-FD106D8422F0}.Debug|Any CPU.Build.0 = Debug|Any CPU
		{D13E3C60-02F3-4470-9569-FD106D8422F0}.Release|Any CPU.ActiveCfg = Release|Any CPU
		{D13E3C60-02F3-4470-9569-FD106D8422F0}.Release|Any CPU.Build.0 = Release|Any CPU
	EndGlobalSection
	GlobalSection(SolutionProperties) = preSolution
		HideSolutionNode = FALSE
	EndGlobalSection
	GlobalSection(ExtensibilityGlobals) = postSolution
		SolutionGuid = {3363B8E3-4E93-452A-946A-F7F62DF30FA1}
	EndGlobalSection
EndGlobal
